
Microsoft Visual Studio Solution File, Format Version 12.00
# Visual Studio Version 16
VisualStudioVersion = 16.0.31129.286
MinimumVisualStudioVersion = 10.0.40219.1
Project("{FAE04EC0-301F-11D3-BF4B-00C04F79EFBC}") = "ConsoleApp1", "ConsoleApp1\ConsoleApp1.csproj", "{FD3B882E-2C30-45F8-96A6-14EDC2699431}"
EndProject
Global
	GlobalSection(SolutionConfigurationPlatforms) = preSolution
		Debug|Any CPU = Debug|Any CPU
		Release|Any CPU = Release|Any CPU
	EndGlobalSection
	GlobalSection(ProjectConfigurationPlatforms) = postSolution
		{FD3B882E-2C30-45F8-96A6-14EDC2699431}.Debug|Any CPU.ActiveCfg = Debug|Any CPU
		{FD3B882E-2C30-45F8-96A6-14EDC2699431}.Debug|Any CPU.Build.0 = Debug|Any CPU
		{FD3B882E-2C30-45F8-96A6-14EDC2699431}.Release|Any CPU.ActiveCfg = Release|Any CPU
		{FD3B882E-2C30-45F8-96A6-14EDC2699431}.Release|Any CPU.Build.0 = Release|Any CPU
	EndGlobalSection
	GlobalSection(SolutionProperties) = preSolution
		HideSolutionNode = FALSE
	EndGlobalSection
	GlobalSection(ExtensibilityGlobals) = postSolution
		SolutionGuid = {D3C1A819-E8D6-4CBE-8A34-421854D16010}
	EndGlobalSection
EndGlobal
